
Microsoft Visual Studio Solution File, Format Version 12.00
# Visual Studio Version 17
VisualStudioVersion = 17.1.31911.260
MinimumVisualStudioVersion = 10.0.40219.1
Project("{9A19103F-16F7-4668-BE54-9A1E7A4F7556}") = "WebAPI", "WebAPI\WebAPI.csproj", "{21042583-8CA2-4C9C-9E76-89354D2060F2}"
EndProject
Project("{2150E333-8FDC-42A3-9474-1A3956D46DE8}") = "Infrastructure", "Infrastructure", "{702DEEAD-B227-469F-BD38-3ADF515694BB}"
EndProject
Project("{FAE04EC0-301F-11D3-BF4B-00C04F79EFBC}") = "Infrastructure", "Infrastructure\Infrastructure.csproj", "{D8093EF6-10F8-4AC0-BD87-C50A423B972A}"
EndProject
Project("{9A19103F-16F7-4668-BE54-9A1E7A4F7556}") = "WPF", "WPF\WPF.csproj", "{E697BCF9-3E52-447F-A3C1-80D227FD4577}"
EndProject
Global
	GlobalSection(SolutionConfigurationPlatforms) = preSolution
		Debug|Any CPU = Debug|Any CPU
		Debug|ARM = Debug|ARM
		Debug|ARM64 = Debug|ARM64
		Debug|x64 = Debug|x64
		Debug|x86 = Debug|x86
		Release|Any CPU = Release|Any CPU
		Release|ARM = Release|ARM
		Release|ARM64 = Release|ARM64
		Release|x64 = Release|x64
		Release|x86 = Release|x86
	EndGlobalSection
	GlobalSection(ProjectConfigurationPlatforms) = postSolution
		{21042583-8CA2-4C9C-9E76-89354D2060F2}.Debug|Any CPU.ActiveCfg = Debug|Any CPU
		{21042583-8CA2-4C9C-9E76-89354D2060F2}.Debug|Any CPU.Build.0 = Debug|Any CPU
		{21042583-8CA2-4C9C-9E76-89354D2060F2}.Debug|ARM.ActiveCfg = Debug|Any CPU
		{21042583-8CA2-4C9C-9E76-89354D2060F2}.Debug|ARM.Build.0 = Debug|Any CPU
		{21042583-8CA2-4C9C-9E76-89354D2060F2}.Debug|ARM64.ActiveCfg = Debug|Any CPU
		{21042583-8CA2-4C9C-9E76-89354D2060F2}.Debug|ARM64.Build.0 = Debug|Any CPU
		{21042583-8CA2-4C9C-9E76-89354D2060F2}.Debug|x64.ActiveCfg = Debug|Any CPU
		{21042583-8CA2-4C9C-9E76-89354D2060F2}.Debug|x64.Build.0 = Debug|Any CPU
		{21042583-8CA2-4C9C-9E76-89354D2060F2}.Debug|x86.ActiveCfg = Debug|Any CPU
		{21042583-8CA2-4C9C-9E76-89354D2060F2}.Debug|x86.Build.0 = Debug|Any CPU
		{21042583-8CA2-4C9C-9E76-89354D2060F2}.Release|Any CPU.ActiveCfg = Release|Any CPU
		{21042583-8CA2-4C9C-9E76-89354D2060F2}.Release|Any CPU.Build.0 = Release|Any CPU
		{21042583-8CA2-4C9C-9E76-89354D2060F2}.Release|ARM.ActiveCfg = Release|Any CPU
		{21042583-8CA2-4C9C-9E76-89354D2060F2}.Release|ARM.Build.0 = Release|Any CPU
		{21042583-8CA2-4C9C-9E76-89354D2060F2}.Release|ARM64.ActiveCfg = Release|Any CPU
		{21042583-8CA2-4C9C-9E76-89354D2060F2}.Release|ARM64.Build.0 = Release|Any CPU
		{21042583-8CA2-4C9C-9E76-89354D2060F2}.Release|x64.ActiveCfg = Release|Any CPU
		{21042583-8CA2-4C9C-9E76-89354D2060F2}.Release|x64.Build.0 = Release|Any CPU
		{21042583-8CA2-4C9C-9E76-89354D2060F2}.Release|x86.ActiveCfg = Release|Any CPU
		{21042583-8CA2-4C9C-9E76-89354D2060F2}.Release|x86.Build.0 = Release|Any CPU
		{D8093EF6-10F8-4AC0-BD87-C50A423B972A}.Debug|Any CPU.ActiveCfg = Debug|Any CPU
		{D8093EF6-10F8-4AC0-BD87-C50A423B972A}.Debug|Any CPU.Build.0 = Debug|Any CPU
		{D8093EF6-10F8-4AC0-BD87-C50A423B972A}.Debug|ARM.ActiveCfg = Debug|Any CPU
		{D8093EF6-10F8-4AC0-BD87-C50A423B972A}.Debug|ARM.Build.0 = Debug|Any CPU
		{D8093EF6-10F8-4AC0-BD87-C50A423B972A}.Debug|ARM64.ActiveCfg = Debug|Any CPU
		{D8093EF6-10F8-4AC0-BD87-C50A423B972A}.Debug|ARM64.Build.0 = Debug|Any CPU
		{D8093EF6-10F8-4AC0-BD87-C50A423B972A}.Debug|x64.ActiveCfg = Debug|Any CPU
		{D8093EF6-10F8-4AC0-BD87-C50A423B972A}.Debug|x64.Build.0 = Debug|Any CPU
		{D8093EF6-10F8-4AC0-BD87-C50A423B972A}.Debug|x86.ActiveCfg = Debug|Any CPU
		{D8093EF6-10F8-4AC0-BD87-C50A423B972A}.Debug|x86.Build.0 = Debug|Any CPU
		{D8093EF6-10F8-4AC0-BD87-C50A423B972A}.Release|Any CPU.ActiveCfg = Release|Any CPU
		{D8093EF6-10F8-4AC0-BD87-C50A423B972A}.Release|Any CPU.Build.0 = Release|Any CPU
		{D8093EF6-10F8-4AC0-BD87-C50A423B972A}.Release|ARM.ActiveCfg = Release|Any CPU
		{D8093EF6-10F8-4AC0-BD87-C50A423B972A}.Release|ARM.Build.0 = Release|Any CPU
		{D8093EF6-10F8-4AC0-BD87-C50A423B972A}.Release|ARM64.ActiveCfg = Release|Any CPU
		{D8093EF6-10F8-4AC0-BD87-C50A423B972A}.Release|ARM64.Build.0 = Release|Any CPU
		{D8093EF6-10F8-4AC0-BD87-C50A423B972A}.Release|x64.ActiveCfg = Release|Any CPU
		{D8093EF6-10F8-4AC0-BD87-C50A423B972A}.Release|x64.Build.0 = Release|Any CPU
		{D8093EF6-10F8-4AC0-BD87-C50A423B972A}.Release|x86.ActiveCfg = Release|Any CPU
		{D8093EF6-10F8-4AC0-BD87-C50A423B972A}.Release|x86.Build.0 = Release|Any CPU
		{E697BCF9-3E52-447F-A3C1-80D227FD4577}.Debug|Any CPU.ActiveCfg = Debug|Any CPU
		{E697BCF9-3E52-447F-A3C1-80D227FD4577}.Debug|Any CPU.Build.0 = Debug|Any CPU
		{E697BCF9-3E52-447F-A3C1-80D227FD4577}.Debug|ARM.ActiveCfg = Debug|Any CPU
		{E697BCF9-3E52-447F-A3C1-80D227FD4577}.Debug|ARM.Build.0 = Debug|Any CPU
		{E697BCF9-3E52-447F-A3C1-80D227FD4577}.Debug|ARM64.ActiveCfg = Debug|Any CPU
		{E697BCF9-3E52-447F-A3C1-80D227FD4577}.Debug|ARM64.Build.0 = Debug|Any CPU
		{E697BCF9-3E52-447F-A3C1-80D227FD4577}.Debug|x64.ActiveCfg = Debug|Any CPU
		{E697BCF9-3E52-447F-A3C1-80D227FD4577}.Debug|x64.Build.0 = Debug|Any CPU
		{E697BCF9-3E52-447F-A3C1-80D227FD4577}.Debug|x86.ActiveCfg = Debug|Any CPU
		{E697BCF9-3E52-447F-A3C1-80D227FD4577}.Debug|x86.Build.0 = Debug|Any CPU
		{E697BCF9-3E52-447F-A3C1-80D227FD4577}.Release|Any CPU.ActiveCfg = Release|Any CPU
		{E697BCF9-3E52-447F-A3C1-80D227FD4577}.Release|Any CPU.Build.0 = Release|Any CPU
		{E697BCF9-3E52-447F-A3C1-80D227FD4577}.Release|ARM.ActiveCfg = Release|Any CPU
		{E697BCF9-3E52-447F-A3C1-80D227FD4577}.Release|ARM.Build.0 = Release|Any CPU
		{E697BCF9-3E52-447F-A3C1-80D227FD4577}.Release|ARM64.ActiveCfg = Release|Any CPU
		{E697BCF9-3E52-447F-A3C1-80D227FD4577}.Release|ARM64.Build.0 = Release|Any CPU
		{E697BCF9-3E52-447F-A3C1-80D227FD4577}.Release|x64.ActiveCfg = Release|Any CPU
		{E697BCF9-3E52-447F-A3C1-80D227FD4577}.Release|x64.Build.0 = Release|Any CPU
		{E697BCF9-3E52-447F-A3C1-80D227FD4577}.Release|x86.ActiveCfg = Release|Any CPU
		{E697BCF9-3E52-447F-A3C1-80D227FD4577}.Release|x86.Build.0 = Release|Any CPU
	EndGlobalSection
	GlobalSection(SolutionProperties) = preSolution
		HideSolutionNode = FALSE
	EndGlobalSection
	GlobalSection(NestedProjects) = preSolution
		{D8093EF6-10F8-4AC0-BD87-C50A423B972A} = {702DEEAD-B227-469F-BD38-3ADF515694BB}
	EndGlobalSection
	GlobalSection(ExtensibilityGlobals) = postSolution
		SolutionGuid = {AD862629-187A-43D0-9BDC-7D0CD622EDF3}
	EndGlobalSection
EndGlobal
